
Microsoft Visual Studio Solution File, Format Version 12.00
# Visual Studio Version 17
VisualStudioVersion = 17.9.34728.123
MinimumVisualStudioVersion = 10.0.40219.1
Project("{FAE04EC0-301F-11D3-BF4B-00C04F79EFBC}") = "SupermarketWEB", "SupermarketWEB\SupermarketWEB.csproj", "{B424B6D0-01FF-4192-8D41-C2B0E42F90AE}"
EndProject
Global
	GlobalSection(SolutionConfigurationPlatforms) = preSolution
		Debug|Any CPU = Debug|Any CPU
		Release|Any CPU = Release|Any CPU
	EndGlobalSection
	GlobalSection(ProjectConfigurationPlatforms) = postSolution
		{B424B6D0-01FF-4192-8D41-C2B0E42F90AE}.Debug|Any CPU.ActiveCfg = Debug|Any CPU
		{B424B6D0-01FF-4192-8D41-C2B0E42F90AE}.Debug|Any CPU.Build.0 = Debug|Any CPU
		{B424B6D0-01FF-4192-8D41-C2B0E42F90AE}.Release|Any CPU.ActiveCfg = Release|Any CPU
		{B424B6D0-01FF-4192-8D41-C2B0E42F90AE}.Release|Any CPU.Build.0 = Release|Any CPU
	EndGlobalSection
	GlobalSection(SolutionProperties) = preSolution
		HideSolutionNode = FALSE
	EndGlobalSection
	GlobalSection(ExtensibilityGlobals) = postSolution
		SolutionGuid = {7358BE26-3EAD-455A-A3D5-08AE2058F8A5}
	EndGlobalSection
EndGlobal
