
Microsoft Visual Studio Solution File, Format Version 12.00
# Visual Studio Version 17
VisualStudioVersion = 17.9.34622.214
MinimumVisualStudioVersion = 10.0.40219.1
Project("{FAE04EC0-301F-11D3-BF4B-00C04F79EFBC}") = "SupermarketWEB", "SupermarketWEB.csproj", "{C0C1931A-347B-4165-8B19-810F5097A326}"
EndProject
Global
	GlobalSection(SolutionConfigurationPlatforms) = preSolution
		Debug|Any CPU = Debug|Any CPU
		Release|Any CPU = Release|Any CPU
	EndGlobalSection
	GlobalSection(ProjectConfigurationPlatforms) = postSolution
		{C0C1931A-347B-4165-8B19-810F5097A326}.Debug|Any CPU.ActiveCfg = Debug|Any CPU
		{C0C1931A-347B-4165-8B19-810F5097A326}.Debug|Any CPU.Build.0 = Debug|Any CPU
		{C0C1931A-347B-4165-8B19-810F5097A326}.Release|Any CPU.ActiveCfg = Release|Any CPU
		{C0C1931A-347B-4165-8B19-810F5097A326}.Release|Any CPU.Build.0 = Release|Any CPU
	EndGlobalSection
	GlobalSection(SolutionProperties) = preSolution
		HideSolutionNode = FALSE
	EndGlobalSection
	GlobalSection(ExtensibilityGlobals) = postSolution
		SolutionGuid = {6E8A5560-7181-4CB3-BA2E-B68D73DCBA3F}
	EndGlobalSection
EndGlobal
